<?xml version="1.0" encoding="utf-8"?>
<Project ToolsVersion="4.0" xmlns="http://schemas.microsoft.com/developer/msbuild/2003">
  <ItemGroup>
    <Filter Include="Source">
      <UniqueIdentifier>{c5c0cd0d-3efc-47ee-8020-c44edc6eaf9d}</UniqueIdentifier>
    </Filter>
    <Filter Include="Source\Application">
      <UniqueIdentifier>{e7d1d0d0-6e19-4087-b425-de822a493622}</UniqueIdentifier>
    </Filter>
    <Filter Include="Source\Application\Scene">
      <UniqueIdentifier>{71900a38-6984-4cc0-b114-42ddf8b9ce38}</UniqueIdentifier>
    </Filter>
    <Filter Include="Source\Engine">
      <UniqueIdentifier>{b3bdf23e-a214-415a-bcfe-5e96e6dba00a}</UniqueIdentifier>
    </Filter>
    <Filter Include="Asset">
      <UniqueIdentifier>{7cbb302a-b997-4612-a99b-30898bdb4d67}</UniqueIdentifier>
    </Filter>
    <Filter Include="Asset\Shader">
      <UniqueIdentifier>{9ed406b3-4512-43a6-8dde-13bdaa5d9236}</UniqueIdentifier>
    </Filter>
    <Filter Include="Source\Core">
      <UniqueIdentifier>{911a77bf-e785-42a9-86b4-58f0a388a354}</UniqueIdentifier>
    </Filter>
    <Filter Include="Source\Core\Utility">
      <UniqueIdentifier>{3ca93ed8-0d29-4541-bed6-d70076ffaf30}</UniqueIdentifier>
    </Filter>
    <Filter Include="Source\Engine\Graphics">
      <UniqueIdentifier>{6ff526d7-ee38-4be8-8fd8-0b85917fddf9}</UniqueIdentifier>
    </Filter>
    <Filter Include="Source\Engine\Window">
      <UniqueIdentifier>{4903a1c3-ef1a-452c-aa19-3c12f2daf394}</UniqueIdentifier>
    </Filter>
    <Filter Include="Source\Engine\Graphics\RenderContext">
      <UniqueIdentifier>{ac53ba98-b34c-40d7-aee4-ecaa9ee05c09}</UniqueIdentifier>
    </Filter>
    <Filter Include="Source\Core\Math">
      <UniqueIdentifier>{668a86f1-7438-485b-8aaf-50c03b2e43c1}</UniqueIdentifier>
    </Filter>
    <Filter Include="Source\Core\Storage">
      <UniqueIdentifier>{f1d64f31-8d46-4534-aad0-654c93255a80}</UniqueIdentifier>
    </Filter>
    <Filter Include="Source\Core\Time">
      <UniqueIdentifier>{102b7fe9-bb8b-4869-84be-d8d95fa56625}</UniqueIdentifier>
    </Filter>
    <Filter Include="Source\Core\Time\FPSController">
      <UniqueIdentifier>{72d8140b-c80a-489f-92f7-9b508b661a43}</UniqueIdentifier>
    </Filter>
    <Filter Include="Source\Application\Scene\BaseScene">
      <UniqueIdentifier>{5554be73-f5da-4fc4-be59-54da30fffdcf}</UniqueIdentifier>
    </Filter>
    <Filter Include="Source\Application\Scene\GameScene">
      <UniqueIdentifier>{d6e1e312-6f87-4c3f-93e0-b4e49cd079e9}</UniqueIdentifier>
    </Filter>
    <Filter Include="Source\Engine\Graphics\ShaderManager">
      <UniqueIdentifier>{78a39d7b-3982-4230-a5bb-7681977688ac}</UniqueIdentifier>
    </Filter>
    <Filter Include="Source\Engine\ECS">
      <UniqueIdentifier>{12c35b8e-1beb-4790-a19a-e2272c7f4387}</UniqueIdentifier>
    </Filter>
    <Filter Include="Source\Engine\ECS\World">
      <UniqueIdentifier>{a8bfb0ea-9994-4cff-ab08-9997f32b94bd}</UniqueIdentifier>
    </Filter>
    <Filter Include="Source\Engine\ECS\ArchetypeChunk">
      <UniqueIdentifier>{a2549b44-9b16-43f1-9a15-aaefe5944170}</UniqueIdentifier>
    </Filter>
    <Filter Include="Source\Engine\ECS\SystemManager">
      <UniqueIdentifier>{8b4ef0c6-5cd7-44d9-9086-d7b9345f0dc2}</UniqueIdentifier>
    </Filter>
    <Filter Include="Source\Engine\ECS\ArchetypeChunkManager">
      <UniqueIdentifier>{52f60f06-f7e5-4d57-b582-bd2a54bb1fca}</UniqueIdentifier>
    </Filter>
    <Filter Include="Source\Engine\ECS\EntityManager">
      <UniqueIdentifier>{6511711c-4897-4dd7-ad7b-ef58eb315646}</UniqueIdentifier>
    </Filter>
    <Filter Include="Source\Engine\ECS\ComponentMetaRegistry">
      <UniqueIdentifier>{cc2b9cac-1543-47b7-83bc-e32b967057fe}</UniqueIdentifier>
    </Filter>
    <Filter Include="Source\Engine\ECS\Internal">
      <UniqueIdentifier>{b1f66a51-fdb3-4899-8779-3087dc0f4322}</UniqueIdentifier>
    </Filter>
    <Filter Include="Source\Application\Components">
      <UniqueIdentifier>{f333e1bb-ae3a-4568-9dd9-1e92776b5477}</UniqueIdentifier>
    </Filter>
    <Filter Include="Source\Application\Systems">
      <UniqueIdentifier>{066ecb91-591e-4b7d-9127-cab942012e27}</UniqueIdentifier>
    </Filter>
    <Filter Include="Source\Engine\ECS\System">
      <UniqueIdentifier>{30477082-dd3b-487a-bb4c-1689acad1fc6}</UniqueIdentifier>
    </Filter>
    <Filter Include="Source\Engine\ECS\System\ISystem">
      <UniqueIdentifier>{ac483713-58d5-49b5-9f9e-97f242ca5db3}</UniqueIdentifier>
    </Filter>
    <Filter Include="Source\Engine\ECS\System\SystemBase">
      <UniqueIdentifier>{c0be9fda-23c6-4eb0-9a06-c94ee361ea47}</UniqueIdentifier>
    </Filter>
    <Filter Include="Source\Application\Systems\Init">
      <UniqueIdentifier>{8e76d589-19f7-49ba-9c3b-eb65b949f5ce}</UniqueIdentifier>
    </Filter>
    <Filter Include="Source\Application\Systems\Draw">
      <UniqueIdentifier>{8a19ad69-35e6-4c78-8dff-7c70b7b793cc}</UniqueIdentifier>
    </Filter>
    <Filter Include="Source\Application\Systems\Update">
      <UniqueIdentifier>{b8b91857-15ea-4fda-b358-c147198a9fd1}</UniqueIdentifier>
    </Filter>
    <Filter Include="Source\Application\Systems\Update\Input">
      <UniqueIdentifier>{a7c9d3df-9600-4d35-841f-c08cbb2142bc}</UniqueIdentifier>
    </Filter>
    <Filter Include="Source\Application\Components\Transform">
      <UniqueIdentifier>{15c82016-4427-4fe7-a457-4e543116d420}</UniqueIdentifier>
    </Filter>
    <Filter Include="Source\Application\Components\Resource">
      <UniqueIdentifier>{ced6497b-3356-4a3a-a60a-06f9dd757d55}</UniqueIdentifier>
    </Filter>
    <Filter Include="Source\Application\Components\Force">
      <UniqueIdentifier>{1696e9b0-8137-48ff-9647-72f893e0a96a}</UniqueIdentifier>
    </Filter>
    <Filter Include="Source\Application\Systems\Update\Input\InputMoveSystem">
      <UniqueIdentifier>{e9f84f47-835c-44aa-8770-254f2194047d}</UniqueIdentifier>
    </Filter>
    <Filter Include="Source\Application\Components\Camera">
      <UniqueIdentifier>{67fb5110-7b83-4489-8018-f162f2d5598b}</UniqueIdentifier>
    </Filter>
    <Filter Include="Source\Application\Systems\Draw\PreDraw">
      <UniqueIdentifier>{c6ebcc9f-8a71-4c63-88bb-e199c2f2168e}</UniqueIdentifier>
    </Filter>
    <Filter Include="Source\Application\Systems\Draw\PreDraw\CamSetShaderSystem">
      <UniqueIdentifier>{644a61c0-8983-477a-957e-fd10b32ffe37}</UniqueIdentifier>
    </Filter>
    <Filter Include="Source\Application\Components\Tag">
      <UniqueIdentifier>{e7384a31-8102-44e5-87cf-f40438673d20}</UniqueIdentifier>
    </Filter>
    <Filter Include="Source\Core\Time\DeltaTime">
      <UniqueIdentifier>{5f768013-0e63-4759-a2f7-a146aade3ef9}</UniqueIdentifier>
    </Filter>
    <Filter Include="Source\Engine\TimeManager">
      <UniqueIdentifier>{8f670516-c860-4f6a-9167-f2225834d5f5}</UniqueIdentifier>
    </Filter>
    <Filter Include="Source\Application\Components\Collision">
      <UniqueIdentifier>{0879a6c2-78c1-4afc-b60e-93e36c19ebd9}</UniqueIdentifier>
    </Filter>
    <Filter Include="Source\Engine\Collision">
      <UniqueIdentifier>{fa21b5c7-49e4-440c-a50c-3b190fdac3e4}</UniqueIdentifier>
    </Filter>
    <Filter Include="Source\Engine\Collision\NarrowPhase">
      <UniqueIdentifier>{c1bed41e-ccf7-4279-b5cd-d08bccac7b13}</UniqueIdentifier>
    </Filter>
    <Filter Include="Source\Engine\Collision\BroadPhase">
      <UniqueIdentifier>{d5a5abef-fb1f-43f8-bee4-1fe568fc196d}</UniqueIdentifier>
    </Filter>
    <Filter Include="Source\Engine\Collision\Gather">
      <UniqueIdentifier>{eafdf882-fc61-43aa-9144-3c1a4c457e08}</UniqueIdentifier>
    </Filter>
    <Filter Include="Source\Engine\Collision\Query">
      <UniqueIdentifier>{0f15cf9c-3377-4017-b212-d1815ff6f5df}</UniqueIdentifier>
    </Filter>
    <Filter Include="Source\Application\Systems\Update\PreUpdate">
      <UniqueIdentifier>{92e1804e-1dd1-4801-b8ae-22c3f2e892a5}</UniqueIdentifier>
    </Filter>
    <Filter Include="Source\Application\Systems\Update\Update">
      <UniqueIdentifier>{9c94d8aa-5ad0-4728-bb08-da6840b9b69d}</UniqueIdentifier>
    </Filter>
    <Filter Include="Source\Application\Systems\Update\Physics">
      <UniqueIdentifier>{b6e81472-8dc5-4f90-8151-63c41b7b1c91}</UniqueIdentifier>
    </Filter>
    <Filter Include="Source\Application\Systems\Update\Camera">
      <UniqueIdentifier>{2bc460fd-a3a4-48dd-b4c0-01aace9c3929}</UniqueIdentifier>
    </Filter>
    <Filter Include="Source\Application\Systems\Update\PostUpdate">
      <UniqueIdentifier>{25176aaa-f45b-4f0b-9399-761cc1a72e57}</UniqueIdentifier>
    </Filter>
    <Filter Include="Source\Application\Systems\Draw\Draw">
      <UniqueIdentifier>{9640dfec-4c6c-4cb2-8fc8-17df66ce51c4}</UniqueIdentifier>
    </Filter>
    <Filter Include="Source\Application\Systems\Update\Update\Rotation">
      <UniqueIdentifier>{4608d3ee-8ce0-49ad-b664-6bcdcb36212a}</UniqueIdentifier>
    </Filter>
    <Filter Include="Source\Application\Systems\Update\Update\Rotation\RotationSystem">
      <UniqueIdentifier>{fe8be2a2-b6c1-4213-af0c-036c649d3451}</UniqueIdentifier>
    </Filter>
    <Filter Include="Source\Application\Systems\Update\Update\Acceleration">
      <UniqueIdentifier>{dbc08cb4-901a-4cfc-9c0a-4f046b052d6f}</UniqueIdentifier>
    </Filter>
    <Filter Include="Source\Application\Systems\Update\Update\Acceleration\GravitySystem">
      <UniqueIdentifier>{92d037be-07d0-497e-b6f0-9845d50682d8}</UniqueIdentifier>
    </Filter>
    <Filter Include="Source\Application\Systems\Update\PostUpdate\CommitWorldMatrixSystem">
      <UniqueIdentifier>{0040f83e-bfab-46de-8dce-75676fefed1d}</UniqueIdentifier>
    </Filter>
    <Filter Include="Source\Application\Systems\Update\Physics\RayCollisionSystem">
      <UniqueIdentifier>{dd3f9846-de26-4539-bf1c-aa5bceea153e}</UniqueIdentifier>
    </Filter>
    <Filter Include="Source\Application\Systems\Update\Update\Integral">
      <UniqueIdentifier>{04ee34ef-8e37-4fe6-a04c-13ad79f3d5e3}</UniqueIdentifier>
    </Filter>
    <Filter Include="Source\Application\Systems\Update\Update\Integral\VelocityIntegrationSystem">
      <UniqueIdentifier>{d61ed4a8-8f6b-4583-b004-1bf59a92ef2c}</UniqueIdentifier>
    </Filter>
    <Filter Include="Source\Application\Systems\Update\Physics\Integral">
      <UniqueIdentifier>{898bb7b0-5ce6-4e20-8ebd-9434cd7798a7}</UniqueIdentifier>
    </Filter>
    <Filter Include="Source\Application\Systems\Update\Physics\Integral\PositionIntegrationSystem">
      <UniqueIdentifier>{29d208e6-31fb-42f8-8dc2-2f171faa9124}</UniqueIdentifier>
    </Filter>
    <Filter Include="Source\Application\Systems\Draw\Draw\SimpleDraw">
      <UniqueIdentifier>{b5fd83f2-e2be-4994-936c-77004366b3a1}</UniqueIdentifier>
    </Filter>
    <Filter Include="Source\Application\Components\Input">
      <UniqueIdentifier>{95bc3de0-79f5-48ea-a766-31f025ad20a6}</UniqueIdentifier>
    </Filter>
    <Filter Include="Source\Application\Systems\Update\Camera\TPSSystem">
      <UniqueIdentifier>{eff4e858-a3a9-4f9f-a51a-3b9ae7f28481}</UniqueIdentifier>
    </Filter>
    <Filter Include="Source\Application\Components\Charactor">
      <UniqueIdentifier>{2101dfbd-ff66-4f2e-a0d4-87591abfee1f}</UniqueIdentifier>
    </Filter>
    <Filter Include="Source\Application\Components\Charactor\Player">
      <UniqueIdentifier>{723370ac-ccb4-4cd9-a894-fa742c82c92f}</UniqueIdentifier>
    </Filter>
    <Filter Include="Source\Engine\Editor">
      <UniqueIdentifier>{2548f352-a17e-4a6f-b5f3-56019292c9f4}</UniqueIdentifier>
    </Filter>
    <Filter Include="Source\Engine\Editor\ImGui">
      <UniqueIdentifier>{0ec4e5d1-d266-4eb4-8765-14190a5c0247}</UniqueIdentifier>
    </Filter>
    <Filter Include="Library">
      <UniqueIdentifier>{41eaf468-6553-450f-8192-b28bb87e004e}</UniqueIdentifier>
    </Filter>
    <Filter Include="Library\imgui-docking">
      <UniqueIdentifier>{397ba751-7665-4e60-8c12-b3c36761772b}</UniqueIdentifier>
    </Filter>
    <Filter Include="Source\Engine\D3D12">
      <UniqueIdentifier>{1d727b94-84b5-4847-a0f9-b3e57b2c5b80}</UniqueIdentifier>
    </Filter>
    <Filter Include="Source\Engine\D3D12\D3D12Wrapper">
      <UniqueIdentifier>{c7841127-5280-45c2-8628-f04b05253005}</UniqueIdentifier>
    </Filter>
    <Filter Include="Source\Engine\D3D12\D3DObject">
      <UniqueIdentifier>{fa7a398f-5a7b-4b2d-ae43-74742227591e}</UniqueIdentifier>
    </Filter>
    <Filter Include="Source\Engine\D3D12\D3DObject\Buffer">
      <UniqueIdentifier>{f8062518-7e36-40f9-a99b-3e79e90a04c0}</UniqueIdentifier>
    </Filter>
    <Filter Include="Source\Engine\D3D12\D3DObject\CommandAllocator">
      <UniqueIdentifier>{7a1ce13f-7ccd-4df3-af00-a5f29a164284}</UniqueIdentifier>
    </Filter>
    <Filter Include="Source\Engine\D3D12\D3DObject\CommandList">
      <UniqueIdentifier>{70b6474b-c5dc-4ea6-a84d-2932414fd0b9}</UniqueIdentifier>
    </Filter>
    <Filter Include="Source\Engine\D3D12\D3DObject\CommandQueue">
      <UniqueIdentifier>{f1561df8-1440-4841-82a6-a08182036ecd}</UniqueIdentifier>
    </Filter>
    <Filter Include="Source\Engine\D3D12\D3DObject\DescriptorHeap">
      <UniqueIdentifier>{bfec92b1-ad29-4086-8a85-1d26e0f68ac4}</UniqueIdentifier>
    </Filter>
    <Filter Include="Source\Engine\D3D12\D3DObject\Device">
      <UniqueIdentifier>{c33719ba-2dff-46f3-a5e1-3d91dd993313}</UniqueIdentifier>
    </Filter>
    <Filter Include="Source\Engine\D3D12\D3DObject\Fence">
      <UniqueIdentifier>{b392acb2-1e2d-4d17-9876-71f088c40548}</UniqueIdentifier>
    </Filter>
    <Filter Include="Source\Engine\D3D12\D3DObject\PipelineState">
      <UniqueIdentifier>{6be1140f-7390-4a6c-b0ee-439d8f2d0827}</UniqueIdentifier>
    </Filter>
    <Filter Include="Source\Engine\D3D12\D3DObject\RootSignature">
      <UniqueIdentifier>{9a56534d-2180-4194-9056-0be0ac6d694b}</UniqueIdentifier>
    </Filter>
    <Filter Include="Source\Engine\D3D12\D3DObject\ScissorRectangle">
      <UniqueIdentifier>{9a4672f9-5c39-4ad9-93ae-78a67cb3a1bf}</UniqueIdentifier>
    </Filter>
    <Filter Include="Source\Engine\D3D12\D3DObject\SwapChain">
      <UniqueIdentifier>{e5059084-1dd2-4b1f-b32d-5cdee2eb6852}</UniqueIdentifier>
    </Filter>
    <Filter Include="Source\Engine\D3D12\D3DObject\Viewport">
      <UniqueIdentifier>{c9a1fdd0-75e1-48a0-9499-6afd0bb3ce33}</UniqueIdentifier>
    </Filter>
    <Filter Include="Source\Engine\D3D12\D3DObject\Buffer\ConstantBuffer">
      <UniqueIdentifier>{2f1e8228-3ce3-4ad3-89c4-3909c34b7e70}</UniqueIdentifier>
    </Filter>
    <Filter Include="Source\Engine\D3D12\D3DObject\Buffer\DepthStencilBuffer">
      <UniqueIdentifier>{503d51f9-c56a-4a34-9cd7-11d638f58cbe}</UniqueIdentifier>
    </Filter>
    <Filter Include="Source\Engine\D3D12\D3DObject\Buffer\IndexBuffer">
      <UniqueIdentifier>{72975e9a-9f87-44d6-9865-0b58e7458b7d}</UniqueIdentifier>
    </Filter>
    <Filter Include="Source\Engine\D3D12\D3DObject\Buffer\RenderTarget">
      <UniqueIdentifier>{0dfe52dd-5346-49c7-8465-b8a174baffbf}</UniqueIdentifier>
    </Filter>
    <Filter Include="Source\Engine\D3D12\D3DObject\Buffer\VertexBuffer">
      <UniqueIdentifier>{899b12ae-466b-4c7e-9bff-e74585ab69d4}</UniqueIdentifier>
    </Filter>
    <Filter Include="Source\Engine\D3D12\D3DObject\DescriptorHeap\RTVHeap">
      <UniqueIdentifier>{e98ae1e1-8442-4e72-a0cd-81703784f571}</UniqueIdentifier>
    </Filter>
    <Filter Include="Source\Engine\D3D12\D3DObject\DescriptorHeap\DSVHeap">
      <UniqueIdentifier>{983f09e3-b6b9-40c2-b9a9-8215043d6b32}</UniqueIdentifier>
    </Filter>
    <Filter Include="Source\Engine\D3D12\D3DObject\DescriptorHeap\CBV_SRV_UAVHeap">
      <UniqueIdentifier>{b6ac0900-d0c0-456b-9009-a2cbe85e2440}</UniqueIdentifier>
    </Filter>
    <Filter Include="Source\Engine\GraphicResource">
      <UniqueIdentifier>{6817d1ee-7732-4577-8b37-6b11c795d5d1}</UniqueIdentifier>
    </Filter>
    <Filter Include="Source\Engine\GraphicResource\GraphicResourceManager">
      <UniqueIdentifier>{206c9651-bc56-45ee-9b59-a422b542c49a}</UniqueIdentifier>
    </Filter>
    <Filter Include="Source\Engine\GraphicResource\Loader">
      <UniqueIdentifier>{045b90f6-f6be-4e39-aef3-cc4c8180ed26}</UniqueIdentifier>
    </Filter>
    <Filter Include="Source\Engine\GraphicResource\Loader\ModelLoader">
      <UniqueIdentifier>{7e6641c9-8fdc-44c5-a392-ce21881e0bf1}</UniqueIdentifier>
    </Filter>
    <Filter Include="Source\Engine\GraphicResource\Loader\TextureLoader">
      <UniqueIdentifier>{8e231cf2-c573-4ebe-85ca-77d51585a143}</UniqueIdentifier>
    </Filter>
    <Filter Include="Source\Engine\GraphicResource\Resource">
      <UniqueIdentifier>{61f38442-cf41-49cf-b450-05c642e73a97}</UniqueIdentifier>
    </Filter>
    <Filter Include="Source\Engine\GraphicResource\Resource\Model">
      <UniqueIdentifier>{20a22382-b9db-488b-b8a1-1805f173c6b7}</UniqueIdentifier>
    </Filter>
    <Filter Include="Source\Engine\GraphicResource\Resource\Texture">
      <UniqueIdentifier>{4967422b-4931-4c9f-a8dc-d58406f76a22}</UniqueIdentifier>
    </Filter>
    <Filter Include="Source\Engine\GraphicResource\Resource\Model\ModelResource">
      <UniqueIdentifier>{031e152b-27b2-484d-bf50-700c70076162}</UniqueIdentifier>
    </Filter>
    <Filter Include="Source\Engine\GraphicResource\Resource\Model\ModelResource\Animation">
      <UniqueIdentifier>{dfbb829c-3e5b-4b24-9265-e6c5fbf34054}</UniqueIdentifier>
    </Filter>
    <Filter Include="Source\Engine\GraphicResource\Resource\Model\ModelResource\Material">
      <UniqueIdentifier>{10b8d983-9bb2-4204-8466-7ba0e61be5f0}</UniqueIdentifier>
    </Filter>
    <Filter Include="Source\Engine\GraphicResource\Resource\Model\ModelResource\Mesh">
      <UniqueIdentifier>{8d8be8c9-5d78-4cc6-81d5-b9bc7058f5da}</UniqueIdentifier>
    </Filter>
    <Filter Include="Source\Engine\GraphicResource\Resource\Model\ModelResource\Node">
      <UniqueIdentifier>{20fc9226-9ab0-4e1d-a938-ddc7f41228b3}</UniqueIdentifier>
    </Filter>
    <Filter Include="Source\Engine\GraphicResource\Resource\Model\ModelResource\Vertex">
      <UniqueIdentifier>{bc3c5979-0212-4d49-a4d2-6177b74bc4ef}</UniqueIdentifier>
    </Filter>
    <Filter Include="Source\Engine\GraphicResource\Loader\ModelLoader\AssimpLoader">
      <UniqueIdentifier>{a89678ed-4eed-451a-b239-b81aa28c4a06}</UniqueIdentifier>
    </Filter>
    <Filter Include="Source\Engine\GraphicResource\Loader\ModelLoader\TinyGLTFLoader">
      <UniqueIdentifier>{8974814d-898f-440f-8dea-2cd7e8b9d2d9}</UniqueIdentifier>
    </Filter>
    <Filter Include="Source\Engine\D3D12\CBAllocater">
      <UniqueIdentifier>{626c0882-83cc-471e-b136-dfd9201161a1}</UniqueIdentifier>
    </Filter>
    <Filter Include="Source\Engine\GraphicResource\GraphicResourceManager\ResourceSlotStorage">
      <UniqueIdentifier>{4dd62e8a-d073-44d7-887c-b84553a4abbe}</UniqueIdentifier>
    </Filter>
    <Filter Include="Source\Engine\GraphicResource\Serialize">
      <UniqueIdentifier>{f1337c28-7c85-4096-b4ac-9ff8d5374987}</UniqueIdentifier>
    </Filter>
    <Filter Include="Source\Engine\GraphicResource\Serialize\ModelSerialize">
      <UniqueIdentifier>{a714dc8b-3170-4c15-ab1b-0e13b3f37b95}</UniqueIdentifier>
    </Filter>
    <Filter Include="Source\Engine\GraphicResource\Serialize\ModelSerialize\TinyGLTFSerialize">
      <UniqueIdentifier>{64b88335-4bb3-4149-b779-15c3e841ae0b}</UniqueIdentifier>
    </Filter>
    <Filter Include="Source\Engine\GraphicResource\Serialize\ModelSerialize\AssimpSerialize">
      <UniqueIdentifier>{59283702-e09f-40cb-a733-188fe66f12ea}</UniqueIdentifier>
    </Filter>
    <Filter Include="Source\Engine\D3D12\DescriptorHeapManager">
      <UniqueIdentifier>{669008e8-9307-48ec-90bd-30cfce7a8471}</UniqueIdentifier>
    </Filter>
    <Filter Include="Source\Engine\D3D12\PSOManager">
      <UniqueIdentifier>{52b62cdd-c40c-46f5-846f-6f9627b15af5}</UniqueIdentifier>
    </Filter>
    <Filter Include="Source\Engine\D3D12\RootSignatureManager">
      <UniqueIdentifier>{a4c76ca6-d0b7-4abd-a8a3-e1c3afa6d557}</UniqueIdentifier>
    </Filter>
    <Filter Include="Source\Engine\D3D12\PSOManager\GraphicsPSOManager">
      <UniqueIdentifier>{2e2ead88-4e2d-4c36-904f-f4e9cc99b4c4}</UniqueIdentifier>
    </Filter>
    <Filter Include="Source\Engine\Graphics\OffScreen">
      <UniqueIdentifier>{67a2c939-4c6f-4ffb-b438-6d37e0523579}</UniqueIdentifier>
    </Filter>
    <Filter Include="Source\Engine\Graphics\RenderPass">
      <UniqueIdentifier>{b7ca8a92-62ab-4fcb-9e26-4f375a5877c6}</UniqueIdentifier>
    </Filter>
    <Filter Include="Source\Engine\SlotStorage">
      <UniqueIdentifier>{e38dc4ce-5d49-4a58-9251-73a8035eb33e}</UniqueIdentifier>
    </Filter>
    <Filter Include="Source\Engine\Graphics\RenderPass\OffScreenPass">
      <UniqueIdentifier>{21dfd9b7-9063-4f61-a719-898fbd71fade}</UniqueIdentifier>
    </Filter>
    <Filter Include="Source\Core\Storage\FreeRange">
      <UniqueIdentifier>{bc47e094-84b8-45f7-887e-eee059fd1a5e}</UniqueIdentifier>
    </Filter>
    <Filter Include="Source\Engine\Graphics\RenderGraph">
      <UniqueIdentifier>{faeedf32-9637-470c-bae5-f88b29fa74e0}</UniqueIdentifier>
    </Filter>
    <Filter Include="Source\Engine\Graphics\RenderPass\DrawPass">
      <UniqueIdentifier>{758c8f4c-1a44-4288-a2b0-b2802f3ddedc}</UniqueIdentifier>
    </Filter>
    <Filter Include="Source\Engine\Graphics\RenderPass\DrawPass\ForwardLightingPass">
      <UniqueIdentifier>{19957bbc-1bc6-4c2e-95ab-9f51720a7c37}</UniqueIdentifier>
    </Filter>
    <Filter Include="Source\Engine\Graphics\RenderPass\OffScreenPass\MonotonePass">
      <UniqueIdentifier>{66c513fc-8cbc-463d-9d77-c33e24606ba1}</UniqueIdentifier>
    </Filter>
    <Filter Include="Source\Engine\Graphics\RenderPass\OffScreenPass\FullScreenPass">
      <UniqueIdentifier>{18af906d-ad2c-4e28-be52-f197d50aa8b9}</UniqueIdentifier>
    </Filter>
    <Filter Include="Asset\Shader\Source">
      <UniqueIdentifier>{cc9dc5a7-2f85-4209-bb7a-ac97ab6da640}</UniqueIdentifier>
    </Filter>
    <Filter Include="Asset\Shader\Source\SimpleShader">
      <UniqueIdentifier>{59a0f0d6-e32e-46cd-b7dd-436c3311869b}</UniqueIdentifier>
    </Filter>
    <Filter Include="Asset\Shader\Source\QuadRenderingShader">
      <UniqueIdentifier>{3374d3dd-87ac-4f6b-aa65-e30fdc0fde34}</UniqueIdentifier>
    </Filter>
    <Filter Include="Asset\Shader\Source\PBRShader">
      <UniqueIdentifier>{0d5ba27d-b357-4c0f-bf06-c2254a9d0dd5}</UniqueIdentifier>
    </Filter>
    <Filter Include="Asset\Shader\Compiled">
      <UniqueIdentifier>{b82a5c0a-b5a7-4fd6-b9d8-4d1b238c5707}</UniqueIdentifier>
    </Filter>
    <Filter Include="Source\Core\Algorithm">
      <UniqueIdentifier>{5b94ae64-f52a-45fa-b820-e9788bd24494}</UniqueIdentifier>
    </Filter>
    <Filter Include="Source\Core\Algorithm\Graph">
      <UniqueIdentifier>{ec0ceaa2-c77e-4492-94ff-374d697dc423}</UniqueIdentifier>
    </Filter>
    <Filter Include="Source\Engine\Graphics\RenderGraph\RGResource">
      <UniqueIdentifier>{0400eb1a-23f0-4ff1-acbf-fbd36fe6adc1}</UniqueIdentifier>
    </Filter>
    <Filter Include="Source\Engine\Graphics\RenderGraph\RGResource\RGTexture">
      <UniqueIdentifier>{a41045ba-cd20-4fe0-8f63-ff5d3c380bf7}</UniqueIdentifier>
    </Filter>
    <Filter Include="Asset\Shader\Source\ZPreShader">
      <UniqueIdentifier>{0b143661-65ff-4b30-bb80-d87eef28d888}</UniqueIdentifier>
    </Filter>
    <Filter Include="Source\Engine\Graphics\RenderPass\DrawPass\ZPrePass">
      <UniqueIdentifier>{b4bf51a3-447a-495b-aa4f-1df33b3ced77}</UniqueIdentifier>
    </Filter>
    <Filter Include="Source\Engine\Graphics\RootSigLayout">
      <UniqueIdentifier>{861b4f3f-c139-4ae6-b886-74368188214e}</UniqueIdentifier>
    </Filter>
    <Filter Include="Source\Engine\Graphics\RenderPass\DrawPass\GBufferPass">
      <UniqueIdentifier>{317dd911-3ade-4702-831c-8d3cf859f0ec}</UniqueIdentifier>
    </Filter>
    <Filter Include="Asset\Shader\Source\GBufferShader">
      <UniqueIdentifier>{f087fe0a-b487-41d2-96c4-ccd507e0996d}</UniqueIdentifier>
    </Filter>
    <Filter Include="Asset\Shader\Source\DeferredLightingShader">
      <UniqueIdentifier>{b44b6e49-c1be-485b-a652-9f9732478622}</UniqueIdentifier>
    </Filter>
    <Filter Include="Source\Engine\Graphics\RenderPass\OffScreenPass\DeferredLightingPass">
      <UniqueIdentifier>{0cf98864-4da0-4f29-8ff2-0b0049b576cf}</UniqueIdentifier>
    </Filter>
  </ItemGroup>
  <ItemGroup>
    <ClCompile Include="Source\Pch.cpp">
      <Filter>Source</Filter>
    </ClCompile>
    <ClCompile Include="Source\main.cpp">
      <Filter>Source</Filter>
    </ClCompile>
    <ClCompile Include="Source\Engine\Window\Window.cpp">
      <Filter>Source\Engine\Window</Filter>
    </ClCompile>
    <ClCompile Include="Source\Engine\Graphics\RenderContext\RenderContext.cpp">
      <Filter>Source\Engine\Graphics\RenderContext</Filter>
    </ClCompile>
    <ClCompile Include="Source\Core\Time\FPSController\FPSController.cpp">
      <Filter>Source\Core\Time\FPSController</Filter>
    </ClCompile>
    <ClCompile Include="Source\Application\Scene\SceneManager.cpp">
      <Filter>Source\Application\Scene</Filter>
    </ClCompile>
    <ClCompile Include="Source\Application\Scene\BaseScene\BaseScene.cpp">
      <Filter>Source\Application\Scene\BaseScene</Filter>
    </ClCompile>
    <ClCompile Include="Source\Application\Scene\GameScene\GameScene.cpp">
      <Filter>Source\Application\Scene\GameScene</Filter>
    </ClCompile>
    <ClCompile Include="Source\Engine\Graphics\ShaderManager\ShaderManager.cpp">
      <Filter>Source\Engine\Graphics\ShaderManager</Filter>
    </ClCompile>
    <ClCompile Include="Source\Application\App.cpp">
      <Filter>Source\Application</Filter>
    </ClCompile>
    <ClCompile Include="Source\Engine\ECS\World\World.cpp">
      <Filter>Source\Engine\ECS\World</Filter>
    </ClCompile>
    <ClCompile Include="Source\Engine\ECS\EntityManager\EntityManager.cpp">
      <Filter>Source\Engine\ECS\EntityManager</Filter>
    </ClCompile>
    <ClCompile Include="Source\Engine\ECS\SystemManager\SystemManager.cpp">
      <Filter>Source\Engine\ECS\SystemManager</Filter>
    </ClCompile>
    <ClCompile Include="Source\Engine\ECS\ArchetypeChunkManager\ArchetypeChunkManager.cpp">
      <Filter>Source\Engine\ECS\ArchetypeChunkManager</Filter>
    </ClCompile>
    <ClCompile Include="Source\Engine\ECS\ComponentMetaRegistry\ComponentMetaRegistry.cpp">
      <Filter>Source\Engine\ECS\ComponentMetaRegistry</Filter>
    </ClCompile>
    <ClCompile Include="Source\Application\Systems\Update\Input\InputMoveSystem\InputMoveSystem.cpp">
      <Filter>Source\Application\Systems\Update\Input\InputMoveSystem</Filter>
    </ClCompile>
    <ClCompile Include="Source\Application\Systems\Draw\PreDraw\CamSetShaderSystem\CamSetShaderSystem.cpp">
      <Filter>Source\Application\Systems\Draw\PreDraw\CamSetShaderSystem</Filter>
    </ClCompile>
    <ClCompile Include="Source\Core\Time\DeltaTime\DeltaTime.cpp">
      <Filter>Source\Core\Time\DeltaTime</Filter>
    </ClCompile>
    <ClCompile Include="Source\Engine\TimeManager\TimeManager.cpp">
      <Filter>Source\Engine\TimeManager</Filter>
    </ClCompile>
    <ClCompile Include="Source\Engine\Collision\BroadPhase\BroadPhase.cpp">
      <Filter>Source\Engine\Collision\BroadPhase</Filter>
    </ClCompile>
    <ClCompile Include="Source\Engine\Collision\NarrowPhase\NarrowPhase.cpp">
      <Filter>Source\Engine\Collision\NarrowPhase</Filter>
    </ClCompile>
    <ClCompile Include="Source\Engine\Collision\Gather\Gather.cpp">
      <Filter>Source\Engine\Collision\Gather</Filter>
    </ClCompile>
    <ClCompile Include="Source\Engine\Collision\Collision.cpp">
      <Filter>Source\Engine\Collision</Filter>
    </ClCompile>
    <ClCompile Include="Source\Application\Systems\Update\PostUpdate\CommitWorldMatrixSystem\CalcMatrixSystem.cpp">
      <Filter>Source\Application\Systems\Update\PostUpdate\CommitWorldMatrixSystem</Filter>
    </ClCompile>
    <ClCompile Include="Source\Application\Systems\Update\Physics\RayCollisionSystem\RayCollisionSystem.cpp">
      <Filter>Source\Application\Systems\Update\Physics\RayCollisionSystem</Filter>
    </ClCompile>
    <ClCompile Include="Source\Application\Systems\Update\Update\Rotation\RotationSystem\RotationSystem.cpp">
      <Filter>Source\Application\Systems\Update\Update\Rotation\RotationSystem</Filter>
    </ClCompile>
    <ClCompile Include="Source\Application\Systems\Update\Update\Acceleration\GravitySystem\GravitySystem.cpp">
      <Filter>Source\Application\Systems\Update\Update\Acceleration\GravitySystem</Filter>
    </ClCompile>
    <ClCompile Include="Source\Application\Systems\Update\Physics\Integral\PositionIntegrationSystem\PositionIntegrationSystem.cpp">
      <Filter>Source\Application\Systems\Update\Physics\Integral\PositionIntegrationSystem</Filter>
    </ClCompile>
    <ClCompile Include="Source\Application\Systems\Update\Update\Integral\VelocityIntegrationSystem\VelocityIntegrationSystem.cpp">
      <Filter>Source\Application\Systems\Update\Update\Integral\VelocityIntegrationSystem</Filter>
    </ClCompile>
    <ClCompile Include="Source\Application\Systems\Draw\Draw\SimpleDraw\SimpleDrawSystem.cpp">
      <Filter>Source\Application\Systems\Draw\Draw\SimpleDraw</Filter>
    </ClCompile>
    <ClCompile Include="Source\Core\Math\Collider.cpp">
      <Filter>Source\Core\Math</Filter>
    </ClCompile>
    <ClCompile Include="Source\Application\Systems\Update\Camera\TPSSystem\TPSSystem.cpp">
      <Filter>Source\Application\Systems\Update\Camera\TPSSystem</Filter>
    </ClCompile>
    <ClCompile Include="Source\Engine\Editor\ImGui\ImGuiContext.cpp">
      <Filter>Source\Engine\Editor\ImGui</Filter>
    </ClCompile>
    <ClCompile Include="..\Library\imgui-docking\imgui.cpp">
      <Filter>Library\imgui-docking</Filter>
    </ClCompile>
    <ClCompile Include="..\Library\imgui-docking\imgui_demo.cpp">
      <Filter>Library\imgui-docking</Filter>
    </ClCompile>
    <ClCompile Include="..\Library\imgui-docking\imgui_draw.cpp">
      <Filter>Library\imgui-docking</Filter>
    </ClCompile>
    <ClCompile Include="..\Library\imgui-docking\imgui_impl_dx12.cpp">
      <Filter>Library\imgui-docking</Filter>
    </ClCompile>
    <ClCompile Include="..\Library\imgui-docking\imgui_impl_win32.cpp">
      <Filter>Library\imgui-docking</Filter>
    </ClCompile>
    <ClCompile Include="..\Library\imgui-docking\imgui_tables.cpp">
      <Filter>Library\imgui-docking</Filter>
    </ClCompile>
    <ClCompile Include="..\Library\imgui-docking\imgui_widgets.cpp">
      <Filter>Library\imgui-docking</Filter>
    </ClCompile>
    <ClCompile Include="Source\Engine\D3D12\D3DObject\Buffer\VertexBuffer\VertexBuffer.cpp">
      <Filter>Source\Engine\D3D12\D3DObject\Buffer\VertexBuffer</Filter>
    </ClCompile>
    <ClCompile Include="Source\Engine\D3D12\D3DObject\Buffer\RenderTarget\RenderTarget.cpp">
      <Filter>Source\Engine\D3D12\D3DObject\Buffer\RenderTarget</Filter>
    </ClCompile>
    <ClCompile Include="Source\Engine\D3D12\D3DObject\Buffer\IndexBuffer\IndexBuffer.cpp">
      <Filter>Source\Engine\D3D12\D3DObject\Buffer\IndexBuffer</Filter>
    </ClCompile>
    <ClCompile Include="Source\Engine\D3D12\D3DObject\Buffer\ConstantBuffer\ConstantBuffer.cpp">
      <Filter>Source\Engine\D3D12\D3DObject\Buffer\ConstantBuffer</Filter>
    </ClCompile>
    <ClCompile Include="Source\Engine\D3D12\D3DObject\CommandAllocator\CommandAllocator.cpp">
      <Filter>Source\Engine\D3D12\D3DObject\CommandAllocator</Filter>
    </ClCompile>
    <ClCompile Include="Source\Engine\D3D12\D3DObject\CommandList\CommandList.cpp">
      <Filter>Source\Engine\D3D12\D3DObject\CommandList</Filter>
    </ClCompile>
    <ClCompile Include="Source\Engine\D3D12\D3DObject\CommandQueue\CommandQueue.cpp">
      <Filter>Source\Engine\D3D12\D3DObject\CommandQueue</Filter>
    </ClCompile>
    <ClCompile Include="Source\Engine\D3D12\D3DObject\DescriptorHeap\DescriptorHeap.cpp">
      <Filter>Source\Engine\D3D12\D3DObject\DescriptorHeap</Filter>
    </ClCompile>
    <ClCompile Include="Source\Engine\D3D12\D3DObject\DescriptorHeap\CBV_SRV_UAVHeap\CBV_SRV_UAVHeap.cpp">
      <Filter>Source\Engine\D3D12\D3DObject\DescriptorHeap\CBV_SRV_UAVHeap</Filter>
    </ClCompile>
    <ClCompile Include="Source\Engine\D3D12\D3DObject\DescriptorHeap\DSVHeap\DSVHeap.cpp">
      <Filter>Source\Engine\D3D12\D3DObject\DescriptorHeap\DSVHeap</Filter>
    </ClCompile>
    <ClCompile Include="Source\Engine\D3D12\D3DObject\DescriptorHeap\RTVHeap\RTVHeap.cpp">
      <Filter>Source\Engine\D3D12\D3DObject\DescriptorHeap\RTVHeap</Filter>
    </ClCompile>
    <ClCompile Include="Source\Engine\D3D12\D3DObject\Device\Device.cpp">
      <Filter>Source\Engine\D3D12\D3DObject\Device</Filter>
    </ClCompile>
    <ClCompile Include="Source\Engine\D3D12\D3DObject\Fence\Fence.cpp">
      <Filter>Source\Engine\D3D12\D3DObject\Fence</Filter>
    </ClCompile>
    <ClCompile Include="Source\Engine\D3D12\D3DObject\Viewport\Viewport.cpp">
      <Filter>Source\Engine\D3D12\D3DObject\Viewport</Filter>
    </ClCompile>
    <ClCompile Include="Source\Engine\D3D12\D3DObject\SwapChain\SwapChain.cpp">
      <Filter>Source\Engine\D3D12\D3DObject\SwapChain</Filter>
    </ClCompile>
    <ClCompile Include="Source\Engine\D3D12\D3DObject\ScissorRectangle\ScissorRectangle.cpp">
      <Filter>Source\Engine\D3D12\D3DObject\ScissorRectangle</Filter>
    </ClCompile>
    <ClCompile Include="Source\Engine\D3D12\D3DObject\RootSignature\RootSignature.cpp">
      <Filter>Source\Engine\D3D12\D3DObject\RootSignature</Filter>
    </ClCompile>
    <ClCompile Include="Source\Engine\D3D12\D3DObject\PipeLineState\PipelineState.cpp">
      <Filter>Source\Engine\D3D12\D3DObject\PipelineState</Filter>
    </ClCompile>
    <ClCompile Include="Source\Engine\GraphicResource\Resource\Texture\Texture.cpp">
      <Filter>Source\Engine\GraphicResource\Resource\Texture</Filter>
    </ClCompile>
    <ClCompile Include="Source\Engine\GraphicResource\Resource\Model\Model.cpp">
      <Filter>Source\Engine\GraphicResource\Resource\Model</Filter>
    </ClCompile>
    <ClCompile Include="Source\Engine\GraphicResource\Resource\Model\ModelResource\Node\Node.cpp">
      <Filter>Source\Engine\GraphicResource\Resource\Model\ModelResource\Node</Filter>
    </ClCompile>
    <ClCompile Include="Source\Engine\GraphicResource\Resource\Model\ModelResource\Mesh\Mesh.cpp">
      <Filter>Source\Engine\GraphicResource\Resource\Model\ModelResource\Mesh</Filter>
    </ClCompile>
    <ClCompile Include="Source\Engine\GraphicResource\Resource\Model\ModelResource\Material\Material.cpp">
      <Filter>Source\Engine\GraphicResource\Resource\Model\ModelResource\Material</Filter>
    </ClCompile>
    <ClCompile Include="Source\Engine\GraphicResource\Resource\Model\ModelResource\Animation\Animation.cpp">
      <Filter>Source\Engine\GraphicResource\Resource\Model\ModelResource\Animation</Filter>
    </ClCompile>
    <ClCompile Include="Source\Engine\GraphicResource\Loader\ModelLoader\AssimpLoader\AssimpLoader.cpp">
      <Filter>Source\Engine\GraphicResource\Loader\ModelLoader\AssimpLoader</Filter>
    </ClCompile>
    <ClCompile Include="Source\Engine\GraphicResource\Loader\ModelLoader\TinyGLTFLoader\TinyGLTFLoader.cpp">
      <Filter>Source\Engine\GraphicResource\Loader\ModelLoader\TinyGLTFLoader</Filter>
    </ClCompile>
    <ClCompile Include="Source\Engine\GraphicResource\GraphicResourceManager\GraphicResourceManager.cpp">
      <Filter>Source\Engine\GraphicResource\GraphicResourceManager</Filter>
    </ClCompile>
    <ClCompile Include="Source\Engine\GraphicResource\Serialize\ModelSerialize\TinyGLTFSerialize\TinyGLTFSerialize.cpp">
      <Filter>Source\Engine\GraphicResource\Serialize\ModelSerialize\TinyGLTFSerialize</Filter>
    </ClCompile>
    <ClCompile Include="Source\Engine\GraphicResource\Serialize\ModelSerialize\AssimpSerialize\AssimpSerialize.cpp">
      <Filter>Source\Engine\GraphicResource\Serialize\ModelSerialize\AssimpSerialize</Filter>
    </ClCompile>
    <ClCompile Include="Source\Engine\D3D12\RootSignatureManager\RootSignatureManager.cpp">
      <Filter>Source\Engine\D3D12\RootSignatureManager</Filter>
    </ClCompile>
    <ClCompile Include="Source\Engine\D3D12\PSOManager\GraphicsPSOManager\GraphicsPSOManager.cpp">
      <Filter>Source\Engine\D3D12\PSOManager\GraphicsPSOManager</Filter>
    </ClCompile>
    <ClCompile Include="Source\Engine\D3D12\DescriptorHeapManager\DescriptorHeapManager.cpp">
      <Filter>Source\Engine\D3D12\DescriptorHeapManager</Filter>
    </ClCompile>
    <ClCompile Include="Source\Engine\D3D12\D3D12Wrapper\RenderingEngine.cpp">
      <Filter>Source\Engine\D3D12\D3D12Wrapper</Filter>
    </ClCompile>
    <ClCompile Include="Source\Engine\D3D12\CBAllocater\CBAllocater.cpp">
      <Filter>Source\Engine\D3D12\CBAllocater</Filter>
    </ClCompile>
    <ClCompile Include="Source\Engine\Graphics\OffScreen\OffScreen.cpp">
      <Filter>Source\Engine\Graphics\OffScreen</Filter>
    </ClCompile>
    <ClCompile Include="Source\Engine\SlotStorage\SlotStorage.cpp">
      <Filter>Source\Engine\SlotStorage</Filter>
    </ClCompile>
    <ClCompile Include="Source\Core\Storage\FreeRange\FreeRange.cpp">
      <Filter>Source\Core\Storage\FreeRange</Filter>
    </ClCompile>
    <ClCompile Include="Source\Engine\Graphics\RenderGraph\RenderGraph.cpp">
      <Filter>Source\Engine\Graphics\RenderGraph</Filter>
    </ClCompile>
    <ClCompile Include="Source\Engine\Graphics\RenderPass\RenderPass.cpp">
      <Filter>Source\Engine\Graphics\RenderPass</Filter>
    </ClCompile>
    <ClCompile Include="Source\Engine\Graphics\RenderPass\OffScreenPass\OffScreenPass.cpp">
      <Filter>Source\Engine\Graphics\RenderPass\OffScreenPass</Filter>
    </ClCompile>
    <ClCompile Include="Source\Engine\Graphics\RenderPass\DrawPass\DrawPass.cpp">
      <Filter>Source\Engine\Graphics\RenderPass\DrawPass</Filter>
    </ClCompile>
    <ClCompile Include="Source\Engine\Graphics\RenderPass\DrawPass\ForwardLightingPass\ForwardLightingPass.cpp">
      <Filter>Source\Engine\Graphics\RenderPass\DrawPass\ForwardLightingPass</Filter>
    </ClCompile>
    <ClCompile Include="Source\Engine\Graphics\RenderPass\OffScreenPass\MonotonePass\MonotonePass.cpp">
      <Filter>Source\Engine\Graphics\RenderPass\OffScreenPass\MonotonePass</Filter>
    </ClCompile>
    <ClCompile Include="Source\Engine\Graphics\RenderPass\OffScreenPass\FullScreenPass\FullScreenPass.cpp">
      <Filter>Source\Engine\Graphics\RenderPass\OffScreenPass\FullScreenPass</Filter>
    </ClCompile>
    <ClCompile Include="Source\Engine\Graphics\RenderGraph\RGResource\RGTexture\RGTexture.cpp">
      <Filter>Source\Engine\Graphics\RenderGraph\RGResource\RGTexture</Filter>
    </ClCompile>
    <ClCompile Include="Source\Engine\Graphics\RenderPass\DrawPass\ZPrePass\ZPrePass.cpp">
      <Filter>Source\Engine\Graphics\RenderPass\DrawPass\ZPrePass</Filter>
    </ClCompile>
    <ClCompile Include="Source\Engine\Graphics\RenderPass\DrawPass\GBufferPass\GBufferPass.cpp">
      <Filter>Source\Engine\Graphics\RenderPass\DrawPass\GBufferPass</Filter>
    </ClCompile>
    <ClCompile Include="Source\Engine\Graphics\RenderPass\OffScreenPass\DeferredLightingPass\DeferredLightingPass.cpp">
      <Filter>Source\Engine\Graphics\RenderPass\OffScreenPass\DeferredLightingPass</Filter>
    </ClCompile>
  </ItemGroup>
  <ItemGroup>
    <ClInclude Include="Source\Pch.h">
      <Filter>Source</Filter>
    </ClInclude>
    <ClInclude Include="Source\Core\Utility\FileUtility.h">
      <Filter>Source\Core\Utility</Filter>
    </ClInclude>
    <ClInclude Include="Source\Core\Utility\StringUtillity.h">
      <Filter>Source\Core\Utility</Filter>
    </ClInclude>
    <ClInclude Include="Source\Core\Core.h">
      <Filter>Source\Core</Filter>
    </ClInclude>
    <ClInclude Include="Source\Application\App.h">
      <Filter>Source\Application</Filter>
    </ClInclude>
    <ClInclude Include="Source\Engine\Window\Window.h">
      <Filter>Source\Engine\Window</Filter>
    </ClInclude>
    <ClInclude Include="Source\Engine\Graphics\RenderContext\RenderContext.h">
      <Filter>Source\Engine\Graphics\RenderContext</Filter>
    </ClInclude>
    <ClInclude Include="Source\Core\Math\Alignment.h">
      <Filter>Source\Core\Math</Filter>
    </ClInclude>
    <ClInclude Include="Source\Core\Time\FPSController\FPSController.h">
      <Filter>Source\Core\Time\FPSController</Filter>
    </ClInclude>
    <ClInclude Include="Source\Application\Scene\SceneManager.h">
      <Filter>Source\Application\Scene</Filter>
    </ClInclude>
    <ClInclude Include="Source\Application\Scene\BaseScene\BaseScene.h">
      <Filter>Source\Application\Scene\BaseScene</Filter>
    </ClInclude>
    <ClInclude Include="Source\Application\Scene\GameScene\GameScene.h">
      <Filter>Source\Application\Scene\GameScene</Filter>
    </ClInclude>
    <ClInclude Include="Source\Application\Scene\SceneType.h">
      <Filter>Source\Application\Scene</Filter>
    </ClInclude>
    <ClInclude Include="Source\Application\AppInc.h">
      <Filter>Source\Application</Filter>
    </ClInclude>
    <ClInclude Include="Source\Engine\Graphics\ShaderManager\ShaderManager.h">
      <Filter>Source\Engine\Graphics\ShaderManager</Filter>
    </ClInclude>
    <ClInclude Include="Source\Engine\ECS\World\World.h">
      <Filter>Source\Engine\ECS\World</Filter>
    </ClInclude>
    <ClInclude Include="Source\Engine\ECS\ECSCommon.h">
      <Filter>Source\Engine\ECS</Filter>
    </ClInclude>
    <ClInclude Include="Source\Engine\ECS\EntityManager\EntityManager.h">
      <Filter>Source\Engine\ECS\EntityManager</Filter>
    </ClInclude>
    <ClInclude Include="Source\Engine\ECS\SystemManager\SystemManager.h">
      <Filter>Source\Engine\ECS\SystemManager</Filter>
    </ClInclude>
    <ClInclude Include="Source\Engine\ECS\ArchetypeChunkManager\ArchetypeChunkManager.h">
      <Filter>Source\Engine\ECS\ArchetypeChunkManager</Filter>
    </ClInclude>
    <ClInclude Include="Source\Engine\ECS\ArchetypeChunk\ArchetypeChunk.h">
      <Filter>Source\Engine\ECS\ArchetypeChunk</Filter>
    </ClInclude>
    <ClInclude Include="Source\Engine\ECS\ComponentMetaRegistry\ComponentMetaRegistry.h">
      <Filter>Source\Engine\ECS\ComponentMetaRegistry</Filter>
    </ClInclude>
    <ClInclude Include="Source\Engine\ECS\Internal\EntityLocation.h">
      <Filter>Source\Engine\ECS\Internal</Filter>
    </ClInclude>
    <ClInclude Include="Source\Engine\ECS\Internal\SystemComon.h">
      <Filter>Source\Engine\ECS\Internal</Filter>
    </ClInclude>
    <ClInclude Include="Source\Engine\ECS\System\ISystem\ISystem.h">
      <Filter>Source\Engine\ECS\System\ISystem</Filter>
    </ClInclude>
    <ClInclude Include="Source\Engine\ECS\System\SystemBase\SystemBase.h">
      <Filter>Source\Engine\ECS\System\SystemBase</Filter>
    </ClInclude>
    <ClInclude Include="Source\Application\Components\Transform\TRSComponent.h">
      <Filter>Source\Application\Components\Transform</Filter>
    </ClInclude>
    <ClInclude Include="Source\Application\Components\Transform\WorldMatrixComponent.h">
      <Filter>Source\Application\Components\Transform</Filter>
    </ClInclude>
    <ClInclude Include="Source\Application\Components\Resource\ModelComponent.h">
      <Filter>Source\Application\Components\Resource</Filter>
    </ClInclude>
    <ClInclude Include="Source\Application\Components\Force\VelocityComponent.h">
      <Filter>Source\Application\Components\Force</Filter>
    </ClInclude>
    <ClInclude Include="Source\Application\Components\Force\GravityComponent.h">
      <Filter>Source\Application\Components\Force</Filter>
    </ClInclude>
    <ClInclude Include="Source\Application\Systems\Update\Input\InputMoveSystem\InputMoveSystem.h">
      <Filter>Source\Application\Systems\Update\Input\InputMoveSystem</Filter>
    </ClInclude>
    <ClInclude Include="Source\Application\Components\Camera\ProjMatComponent.h">
      <Filter>Source\Application\Components\Camera</Filter>
    </ClInclude>
    <ClInclude Include="Source\Application\Components\Camera\CameraParamComponent.h">
      <Filter>Source\Application\Components\Camera</Filter>
    </ClInclude>
    <ClInclude Include="Source\Application\Components\Camera\FocusParamComponent.h">
      <Filter>Source\Application\Components\Camera</Filter>
    </ClInclude>
    <ClInclude Include="Source\Application\Systems\Draw\PreDraw\CamSetShaderSystem\CamSetShaderSystem.h">
      <Filter>Source\Application\Systems\Draw\PreDraw\CamSetShaderSystem</Filter>
    </ClInclude>
    <ClInclude Include="Source\Application\Components\Tag\CameraTag.h">
      <Filter>Source\Application\Components\Tag</Filter>
    </ClInclude>
    <ClInclude Include="Source\Application\Components\Tag\ActiveCameraTag.h">
      <Filter>Source\Application\Components\Tag</Filter>
    </ClInclude>
    <ClInclude Include="Source\Core\Time\DeltaTime\DeltaTime.h">
      <Filter>Source\Core\Time\DeltaTime</Filter>
    </ClInclude>
    <ClInclude Include="Source\Engine\TimeManager\TimeManager.h">
      <Filter>Source\Engine\TimeManager</Filter>
    </ClInclude>
    <ClInclude Include="Source\Application\Components\Force\InertiaComponent.h">
      <Filter>Source\Application\Components\Force</Filter>
    </ClInclude>
    <ClInclude Include="Source\Application\Components\Collision\Collider.h">
      <Filter>Source\Application\Components\Collision</Filter>
    </ClInclude>
    <ClInclude Include="Source\Application\Components\Collision\SphreCollider.h">
      <Filter>Source\Application\Components\Collision</Filter>
    </ClInclude>
    <ClInclude Include="Source\Application\Components\Collision\RayCollider.h">
      <Filter>Source\Application\Components\Collision</Filter>
    </ClInclude>
    <ClInclude Include="Source\Core\Math\Collider.h">
      <Filter>Source\Core\Math</Filter>
    </ClInclude>
    <ClInclude Include="Source\Engine\Collision\Query\Raycast.h">
      <Filter>Source\Engine\Collision\Query</Filter>
    </ClInclude>
    <ClInclude Include="Source\Engine\Collision\BroadPhase\BroadPhase.h">
      <Filter>Source\Engine\Collision\BroadPhase</Filter>
    </ClInclude>
    <ClInclude Include="Source\Engine\Collision\NarrowPhase\NarrowPhase.h">
      <Filter>Source\Engine\Collision\NarrowPhase</Filter>
    </ClInclude>
    <ClInclude Include="Source\Engine\Collision\Gather\Gather.h">
      <Filter>Source\Engine\Collision\Gather</Filter>
    </ClInclude>
    <ClInclude Include="Source\Engine\Collision\Collision.h">
      <Filter>Source\Engine\Collision</Filter>
    </ClInclude>
    <ClInclude Include="Source\Application\Systems\Update\PostUpdate\CommitWorldMatrixSystem\CalcMatrixSystem.h">
      <Filter>Source\Application\Systems\Update\PostUpdate\CommitWorldMatrixSystem</Filter>
    </ClInclude>
    <ClInclude Include="Source\Application\Systems\Update\Physics\RayCollisionSystem\RayCollisionSystem.h">
      <Filter>Source\Application\Systems\Update\Physics\RayCollisionSystem</Filter>
    </ClInclude>
    <ClInclude Include="Source\Application\Systems\Update\Update\Rotation\RotationSystem\RotationSystem.h">
      <Filter>Source\Application\Systems\Update\Update\Rotation\RotationSystem</Filter>
    </ClInclude>
    <ClInclude Include="Source\Application\Systems\Update\Update\Acceleration\GravitySystem\GravitySystem.h">
      <Filter>Source\Application\Systems\Update\Update\Acceleration\GravitySystem</Filter>
    </ClInclude>
    <ClInclude Include="Source\Application\Systems\Update\Physics\Integral\PositionIntegrationSystem\PositionIntegrationSystem.h">
      <Filter>Source\Application\Systems\Update\Physics\Integral\PositionIntegrationSystem</Filter>
    </ClInclude>
    <ClInclude Include="Source\Application\Systems\Update\Update\Integral\VelocityIntegrationSystem\VelocityIntegrationSystem.h">
      <Filter>Source\Application\Systems\Update\Update\Integral\VelocityIntegrationSystem</Filter>
    </ClInclude>
    <ClInclude Include="Source\Application\Systems\Draw\Draw\SimpleDraw\SimpleDrawSystem.h">
      <Filter>Source\Application\Systems\Draw\Draw\SimpleDraw</Filter>
    </ClInclude>
    <ClInclude Include="Source\Application\Components\Camera\FollowTargetComponent.h">
      <Filter>Source\Application\Components\Camera</Filter>
    </ClInclude>
    <ClInclude Include="Source\Application\Systems\Update\Camera\TPSSystem\TPSSystem.h">
      <Filter>Source\Application\Systems\Update\Camera\TPSSystem</Filter>
    </ClInclude>
    <ClInclude Include="Source\Application\Components\Camera\TPSOffsetComponent.h">
      <Filter>Source\Application\Components\Camera</Filter>
    </ClInclude>
    <ClInclude Include="Source\Application\Components\Tag\PlayerControllTag.h">
      <Filter>Source\Application\Components\Tag</Filter>
    </ClInclude>
    <ClInclude Include="Source\Application\Components\Tag\CameraControllTag.h">
      <Filter>Source\Application\Components\Tag</Filter>
    </ClInclude>
    <ClInclude Include="Source\Application\Components\Camera\TPSLookAngleComponent.h">
      <Filter>Source\Application\Components\Camera</Filter>
    </ClInclude>
    <ClInclude Include="Source\Application\Components\Charactor\Player\PlayerLookAngleComponent.h">
      <Filter>Source\Application\Components\Charactor\Player</Filter>
    </ClInclude>
    <ClInclude Include="Source\Engine\Editor\ImGui\ImGuiContext.h">
      <Filter>Source\Engine\Editor\ImGui</Filter>
    </ClInclude>
    <ClInclude Include="..\Library\imgui-docking\imconfig.h">
      <Filter>Library\imgui-docking</Filter>
    </ClInclude>
    <ClInclude Include="..\Library\imgui-docking\imgui.h">
      <Filter>Library\imgui-docking</Filter>
    </ClInclude>
    <ClInclude Include="..\Library\imgui-docking\imgui_impl_dx12.h">
      <Filter>Library\imgui-docking</Filter>
    </ClInclude>
    <ClInclude Include="..\Library\imgui-docking\imgui_impl_win32.h">
      <Filter>Library\imgui-docking</Filter>
    </ClInclude>
    <ClInclude Include="..\Library\imgui-docking\imgui_internal.h">
      <Filter>Library\imgui-docking</Filter>
    </ClInclude>
    <ClInclude Include="..\Library\imgui-docking\imstb_rectpack.h">
      <Filter>Library\imgui-docking</Filter>
    </ClInclude>
    <ClInclude Include="..\Library\imgui-docking\imstb_textedit.h">
      <Filter>Library\imgui-docking</Filter>
    </ClInclude>
    <ClInclude Include="..\Library\imgui-docking\imstb_truetype.h">
      <Filter>Library\imgui-docking</Filter>
    </ClInclude>
    <ClInclude Include="Source\Engine\D3D12\D3DObject\Buffer\VertexBuffer\VertexBuffer.h">
      <Filter>Source\Engine\D3D12\D3DObject\Buffer\VertexBuffer</Filter>
    </ClInclude>
    <ClInclude Include="Source\Engine\D3D12\D3DObject\Buffer\RenderTarget\RenderTarget.h">
      <Filter>Source\Engine\D3D12\D3DObject\Buffer\RenderTarget</Filter>
    </ClInclude>
    <ClInclude Include="Source\Engine\D3D12\D3DObject\Buffer\IndexBuffer\IndexBuffer.h">
      <Filter>Source\Engine\D3D12\D3DObject\Buffer\IndexBuffer</Filter>
    </ClInclude>
    <ClInclude Include="Source\Engine\D3D12\D3DObject\Buffer\ConstantBuffer\ConstantBuffer.h">
      <Filter>Source\Engine\D3D12\D3DObject\Buffer\ConstantBuffer</Filter>
    </ClInclude>
    <ClInclude Include="Source\Engine\D3D12\D3DObject\CommandAllocator\CommandAllocator.h">
      <Filter>Source\Engine\D3D12\D3DObject\CommandAllocator</Filter>
    </ClInclude>
    <ClInclude Include="Source\Engine\D3D12\D3DObject\CommandList\CommandList.h">
      <Filter>Source\Engine\D3D12\D3DObject\CommandList</Filter>
    </ClInclude>
    <ClInclude Include="Source\Engine\D3D12\D3DObject\CommandQueue\CommandQueue.h">
      <Filter>Source\Engine\D3D12\D3DObject\CommandQueue</Filter>
    </ClInclude>
    <ClInclude Include="Source\Engine\D3D12\D3DObject\DescriptorHeap\DescriptorHeap.h">
      <Filter>Source\Engine\D3D12\D3DObject\DescriptorHeap</Filter>
    </ClInclude>
    <ClInclude Include="Source\Engine\D3D12\D3DObject\DescriptorHeap\CBV_SRV_UAVHeap\CBV_SRV_UAVHeap.h">
      <Filter>Source\Engine\D3D12\D3DObject\DescriptorHeap\CBV_SRV_UAVHeap</Filter>
    </ClInclude>
    <ClInclude Include="Source\Engine\D3D12\D3DObject\DescriptorHeap\DSVHeap\DSVHeap.h">
      <Filter>Source\Engine\D3D12\D3DObject\DescriptorHeap\DSVHeap</Filter>
    </ClInclude>
    <ClInclude Include="Source\Engine\D3D12\D3DObject\DescriptorHeap\RTVHeap\RTVHeap.h">
      <Filter>Source\Engine\D3D12\D3DObject\DescriptorHeap\RTVHeap</Filter>
    </ClInclude>
    <ClInclude Include="Source\Engine\D3D12\D3DObject\Device\Device.h">
      <Filter>Source\Engine\D3D12\D3DObject\Device</Filter>
    </ClInclude>
    <ClInclude Include="Source\Engine\D3D12\D3DObject\Fence\Fence.h">
      <Filter>Source\Engine\D3D12\D3DObject\Fence</Filter>
    </ClInclude>
    <ClInclude Include="Source\Engine\D3D12\D3DObject\Viewport\Viewport.h">
      <Filter>Source\Engine\D3D12\D3DObject\Viewport</Filter>
    </ClInclude>
    <ClInclude Include="Source\Engine\D3D12\D3DObject\SwapChain\SwapChain.h">
      <Filter>Source\Engine\D3D12\D3DObject\SwapChain</Filter>
    </ClInclude>
    <ClInclude Include="Source\Engine\D3D12\D3DObject\ScissorRectangle\ScissorRectangle.h">
      <Filter>Source\Engine\D3D12\D3DObject\ScissorRectangle</Filter>
    </ClInclude>
    <ClInclude Include="Source\Engine\D3D12\D3DObject\RootSignature\RootSignature.h">
      <Filter>Source\Engine\D3D12\D3DObject\RootSignature</Filter>
    </ClInclude>
    <ClInclude Include="Source\Engine\D3D12\D3DObject\PipeLineState\PipelineState.h">
      <Filter>Source\Engine\D3D12\D3DObject\PipelineState</Filter>
    </ClInclude>
    <ClInclude Include="Source\Engine\GraphicResource\Resource\Texture\Texture.h">
      <Filter>Source\Engine\GraphicResource\Resource\Texture</Filter>
    </ClInclude>
    <ClInclude Include="Source\Engine\GraphicResource\Resource\Model\Model.h">
      <Filter>Source\Engine\GraphicResource\Resource\Model</Filter>
    </ClInclude>
    <ClInclude Include="Source\Engine\GraphicResource\Resource\Model\ModelResource\Vertex\Vertex.h">
      <Filter>Source\Engine\GraphicResource\Resource\Model\ModelResource\Vertex</Filter>
    </ClInclude>
    <ClInclude Include="Source\Engine\GraphicResource\Resource\Model\ModelResource\Node\Node.h">
      <Filter>Source\Engine\GraphicResource\Resource\Model\ModelResource\Node</Filter>
    </ClInclude>
    <ClInclude Include="Source\Engine\GraphicResource\Resource\Model\ModelResource\Mesh\Mesh.h">
      <Filter>Source\Engine\GraphicResource\Resource\Model\ModelResource\Mesh</Filter>
    </ClInclude>
    <ClInclude Include="Source\Engine\GraphicResource\Resource\Model\ModelResource\Material\Material.h">
      <Filter>Source\Engine\GraphicResource\Resource\Model\ModelResource\Material</Filter>
    </ClInclude>
    <ClInclude Include="Source\Engine\GraphicResource\Resource\Model\ModelResource\Animation\Animation.h">
      <Filter>Source\Engine\GraphicResource\Resource\Model\ModelResource\Animation</Filter>
    </ClInclude>
    <ClInclude Include="Source\Engine\GraphicResource\Loader\ModelLoader\AssimpLoader\AssimpLoader.h">
      <Filter>Source\Engine\GraphicResource\Loader\ModelLoader\AssimpLoader</Filter>
    </ClInclude>
    <ClInclude Include="Source\Engine\GraphicResource\Loader\ModelLoader\TinyGLTFLoader\TinyGLTFLoader.h">
      <Filter>Source\Engine\GraphicResource\Loader\ModelLoader\TinyGLTFLoader</Filter>
    </ClInclude>
    <ClInclude Include="Source\Engine\GraphicResource\GraphicResourceManager\GraphicResourceManager.h">
      <Filter>Source\Engine\GraphicResource\GraphicResourceManager</Filter>
    </ClInclude>
    <ClInclude Include="Source\Engine\GraphicResource\GraphicResourceManager\ResourceSlotStorage\ResourceSlotStorage.h">
      <Filter>Source\Engine\GraphicResource\GraphicResourceManager\ResourceSlotStorage</Filter>
    </ClInclude>
    <ClInclude Include="Source\Engine\GraphicResource\Serialize\ModelSerialize\TinyGLTFSerialize\TinyGLTFSerialize.h">
      <Filter>Source\Engine\GraphicResource\Serialize\ModelSerialize\TinyGLTFSerialize</Filter>
    </ClInclude>
    <ClInclude Include="Source\Engine\GraphicResource\Serialize\ModelSerialize\AssimpSerialize\AssimpSerialize.h">
      <Filter>Source\Engine\GraphicResource\Serialize\ModelSerialize\AssimpSerialize</Filter>
    </ClInclude>
    <ClInclude Include="Source\Engine\D3D12\RootSignatureManager\RootSignatureManager.h">
      <Filter>Source\Engine\D3D12\RootSignatureManager</Filter>
    </ClInclude>
    <ClInclude Include="Source\Engine\D3D12\PSOManager\GraphicsPSOManager\GraphicsPSOManager.h">
      <Filter>Source\Engine\D3D12\PSOManager\GraphicsPSOManager</Filter>
    </ClInclude>
    <ClInclude Include="Source\Engine\D3D12\DescriptorHeapManager\DescriptorHeapManager.h">
      <Filter>Source\Engine\D3D12\DescriptorHeapManager</Filter>
    </ClInclude>
    <ClInclude Include="Source\Engine\D3D12\D3D12Wrapper\RenderingEngine.h">
      <Filter>Source\Engine\D3D12\D3D12Wrapper</Filter>
    </ClInclude>
    <ClInclude Include="Source\Engine\D3D12\CBAllocater\CBAllocater.h">
      <Filter>Source\Engine\D3D12\CBAllocater</Filter>
    </ClInclude>
    <ClInclude Include="Source\Engine\Graphics\OffScreen\OffScreen.h">
      <Filter>Source\Engine\Graphics\OffScreen</Filter>
    </ClInclude>
    <ClInclude Include="Source\Engine\SlotStorage\SlotStorage.h">
      <Filter>Source\Engine\SlotStorage</Filter>
    </ClInclude>
    <ClInclude Include="Source\Engine\EngineCommon.h">
      <Filter>Source\Engine</Filter>
    </ClInclude>
    <ClInclude Include="Source\Engine\D3D12\D3D12Common.h">
      <Filter>Source\Engine\D3D12</Filter>
    </ClInclude>
    <ClInclude Include="Source\Core\Storage\FreeRange\FreeRange.h">
      <Filter>Source\Core\Storage\FreeRange</Filter>
    </ClInclude>
    <ClInclude Include="Source\Engine\Graphics\RenderGraph\RenderGraph.h">
      <Filter>Source\Engine\Graphics\RenderGraph</Filter>
    </ClInclude>
    <ClInclude Include="Source\Engine\Graphics\RenderPass\RenderPass.h">
      <Filter>Source\Engine\Graphics\RenderPass</Filter>
    </ClInclude>
    <ClInclude Include="Source\Engine\Graphics\GraphicCommon.h">
      <Filter>Source\Engine\Graphics</Filter>
    </ClInclude>
    <ClInclude Include="Source\Engine\Graphics\RenderPass\OffScreenPass\OffScreenPass.h">
      <Filter>Source\Engine\Graphics\RenderPass\OffScreenPass</Filter>
    </ClInclude>
    <ClInclude Include="Source\Engine\Graphics\RenderPass\DrawPass\DrawPass.h">
      <Filter>Source\Engine\Graphics\RenderPass\DrawPass</Filter>
    </ClInclude>
    <ClInclude Include="Source\Engine\Graphics\RenderPass\DrawPass\ForwardLightingPass\ForwardLightingPass.h">
      <Filter>Source\Engine\Graphics\RenderPass\DrawPass\ForwardLightingPass</Filter>
    </ClInclude>
    <ClInclude Include="Source\Engine\Graphics\RenderPass\OffScreenPass\MonotonePass\MonotonePass.h">
      <Filter>Source\Engine\Graphics\RenderPass\OffScreenPass\MonotonePass</Filter>
    </ClInclude>
    <ClInclude Include="Source\Engine\Graphics\RenderPass\OffScreenPass\FullScreenPass\FullScreenPass.h">
      <Filter>Source\Engine\Graphics\RenderPass\OffScreenPass\FullScreenPass</Filter>
    </ClInclude>
    <ClInclude Include="Source\Core\Algorithm\Graph\TopologicalSort.h">
      <Filter>Source\Core\Algorithm\Graph</Filter>
    </ClInclude>
    <ClInclude Include="Source\Engine\Graphics\RenderGraph\RGResource\RGTexture\RGTexture.h">
      <Filter>Source\Engine\Graphics\RenderGraph\RGResource\RGTexture</Filter>
    </ClInclude>
    <ClInclude Include="Source\Engine\Graphics\RenderPass\DrawPass\ZPrePass\ZPrePass.h">
      <Filter>Source\Engine\Graphics\RenderPass\DrawPass\ZPrePass</Filter>
    </ClInclude>
    <ClInclude Include="Source\Engine\Graphics\RootSigLayout\RootSigLayout.h">
      <Filter>Source\Engine\Graphics\RootSigLayout</Filter>
    </ClInclude>
    <ClInclude Include="Source\Engine\Graphics\RenderPass\DrawPass\GBufferPass\GBufferPass.h">
      <Filter>Source\Engine\Graphics\RenderPass\DrawPass\GBufferPass</Filter>
    </ClInclude>
    <ClInclude Include="Source\Engine\Graphics\RenderPass\OffScreenPass\DeferredLightingPass\DeferredLightingPass.h">
      <Filter>Source\Engine\Graphics\RenderPass\OffScreenPass\DeferredLightingPass</Filter>
    </ClInclude>
  </ItemGroup>
  <ItemGroup>
    <None Include="packages.config" />
    <None Include="..\Library\imgui-docking\.editorconfig">
      <Filter>Library\imgui-docking</Filter>
    </None>
    <None Include="..\Library\imgui-docking\.gitattributes">
      <Filter>Library\imgui-docking</Filter>
    </None>
    <None Include="..\Library\imgui-docking\.gitignore">
      <Filter>Library\imgui-docking</Filter>
    </None>
    <None Include="Asset\Shader\Compiled\HLSLCompile.bat">
      <Filter>Asset\Shader\Compiled</Filter>
    </None>
    <None Include="Asset\Shader\Source\QuadRenderingShader\QuadRenderingShader.hlsli">
      <Filter>Asset\Shader\Source\QuadRenderingShader</Filter>
    </None>
    <None Include="Asset\Shader\Source\SimpleShader\SimpleShader.hlsli">
      <Filter>Asset\Shader\Source\SimpleShader</Filter>
    </None>
    <None Include="Asset\Shader\Source\ZPreShader\ZPreShader.hlsli">
      <Filter>Asset\Shader\Source\ZPreShader</Filter>
    </None>
    <None Include="Asset\Shader\Source\GBufferShader\GBufferShader.hlsli">
      <Filter>Asset\Shader\Source\GBufferShader</Filter>
    </None>
    <None Include="Asset\Shader\Source\DeferredLightingShader\DeferredLightingShader.hlsli">
      <Filter>Asset\Shader\Source\DeferredLightingShader</Filter>
    </None>
  </ItemGroup>
  <ItemGroup>
    <FxCompile Include="Asset\Shader\Source\QuadRenderingShader\QuadRenderingPS.hlsl">
      <Filter>Asset\Shader\Source\QuadRenderingShader</Filter>
    </FxCompile>
    <FxCompile Include="Asset\Shader\Source\QuadRenderingShader\QuadRenderingVS.hlsl">
      <Filter>Asset\Shader\Source\QuadRenderingShader</Filter>
    </FxCompile>
    <FxCompile Include="Asset\Shader\Source\SimpleShader\SimplePS.hlsl">
      <Filter>Asset\Shader\Source\SimpleShader</Filter>
    </FxCompile>
    <FxCompile Include="Asset\Shader\Source\SimpleShader\SimpleVS.hlsl">
      <Filter>Asset\Shader\Source\SimpleShader</Filter>
    </FxCompile>
    <FxCompile Include="Asset\Shader\Source\ZPreShader\ZPreVS.hlsl">
      <Filter>Asset\Shader\Source\ZPreShader</Filter>
    </FxCompile>
    <FxCompile Include="Asset\Shader\Source\GBufferShader\GBufferPS.hlsl">
      <Filter>Asset\Shader\Source\GBufferShader</Filter>
    </FxCompile>
    <FxCompile Include="Asset\Shader\Source\GBufferShader\GBufferVS.hlsl">
      <Filter>Asset\Shader\Source\GBufferShader</Filter>
    </FxCompile>
    <FxCompile Include="Asset\Shader\Source\DeferredLightingShader\DeferredLightingPS.hlsl">
      <Filter>Asset\Shader\Source\DeferredLightingShader</Filter>
    </FxCompile>
    <FxCompile Include="Asset\Shader\Source\DeferredLightingShader\DeferredLightingVS.hlsl">
      <Filter>Asset\Shader\Source\DeferredLightingShader</Filter>
    </FxCompile>
  </ItemGroup>
</Project>