<?xml version="1.0" encoding="utf-8"?>
<Project ToolsVersion="4.0" xmlns="http://schemas.microsoft.com/developer/msbuild/2003">
  <ItemGroup>
    <Filter Include="Source">
      <UniqueIdentifier>{c5c0cd0d-3efc-47ee-8020-c44edc6eaf9d}</UniqueIdentifier>
    </Filter>
    <Filter Include="Source\Application">
      <UniqueIdentifier>{e7d1d0d0-6e19-4087-b425-de822a493622}</UniqueIdentifier>
    </Filter>
    <Filter Include="Source\Framework">
      <UniqueIdentifier>{cb8f399b-7f69-4a06-b547-203ff39a35f6}</UniqueIdentifier>
    </Filter>
    <Filter Include="Source\Application\Scene">
      <UniqueIdentifier>{71900a38-6984-4cc0-b114-42ddf8b9ce38}</UniqueIdentifier>
    </Filter>
    <Filter Include="Source\Engine">
      <UniqueIdentifier>{b3bdf23e-a214-415a-bcfe-5e96e6dba00a}</UniqueIdentifier>
    </Filter>
    <Filter Include="Source\Framework\Shader">
      <UniqueIdentifier>{cee6ef98-8009-4e59-bf61-48124ec628a7}</UniqueIdentifier>
    </Filter>
    <Filter Include="Source\Framework\Shader\ShaderCommon">
      <UniqueIdentifier>{a7792a03-dfb8-47cb-8487-e75151c2ac79}</UniqueIdentifier>
    </Filter>
    <Filter Include="Asset">
      <UniqueIdentifier>{7cbb302a-b997-4612-a99b-30898bdb4d67}</UniqueIdentifier>
    </Filter>
    <Filter Include="Asset\Shader">
      <UniqueIdentifier>{9ed406b3-4512-43a6-8dde-13bdaa5d9236}</UniqueIdentifier>
    </Filter>
    <Filter Include="Asset\Shader\SimpleShader">
      <UniqueIdentifier>{601b6799-5a8b-45ca-a3de-c1673ffe451e}</UniqueIdentifier>
    </Filter>
    <Filter Include="Source\Core">
      <UniqueIdentifier>{911a77bf-e785-42a9-86b4-58f0a388a354}</UniqueIdentifier>
    </Filter>
    <Filter Include="Source\Tool">
      <UniqueIdentifier>{405c5b9c-8533-4a37-89f9-ce7e062ae1a0}</UniqueIdentifier>
    </Filter>
    <Filter Include="Source\Core\Utility">
      <UniqueIdentifier>{3ca93ed8-0d29-4541-bed6-d70076ffaf30}</UniqueIdentifier>
    </Filter>
    <Filter Include="Source\Engine\Graphics">
      <UniqueIdentifier>{6ff526d7-ee38-4be8-8fd8-0b85917fddf9}</UniqueIdentifier>
    </Filter>
    <Filter Include="Source\Engine\Graphics\RenderingEngin">
      <UniqueIdentifier>{db33fc25-52b5-41b1-95be-ea75d90d4931}</UniqueIdentifier>
    </Filter>
    <Filter Include="Source\Engine\GameScene">
      <UniqueIdentifier>{492b4108-1d07-4173-a2bb-bcbc5da95818}</UniqueIdentifier>
    </Filter>
    <Filter Include="Source\Engine\GPUResource">
      <UniqueIdentifier>{ce5792c0-6c3b-4a5c-a560-38002b9fb96c}</UniqueIdentifier>
    </Filter>
    <Filter Include="Source\Engine\GameScene\SceneManager">
      <UniqueIdentifier>{b89bae85-7c4f-459d-9c89-9114bd460d19}</UniqueIdentifier>
    </Filter>
    <Filter Include="Source\Engine\GPUResource\Buffer">
      <UniqueIdentifier>{6a14dd88-9ebe-42e0-baa0-3d4596d6905f}</UniqueIdentifier>
    </Filter>
    <Filter Include="Source\Engine\GPUResource\DescriptorHeap">
      <UniqueIdentifier>{dd464160-d67c-4422-8fad-ff1d003d02e1}</UniqueIdentifier>
    </Filter>
    <Filter Include="Source\Engine\GPUResource\Model">
      <UniqueIdentifier>{0b27c4bd-e864-4d05-b21b-88cdc3e4a2bf}</UniqueIdentifier>
    </Filter>
    <Filter Include="Source\Engine\GPUResource\Texture">
      <UniqueIdentifier>{31c18e42-12e4-47fa-acb6-d734c218eb5a}</UniqueIdentifier>
    </Filter>
    <Filter Include="Source\Engine\GPUResource\Texture\Texture2D">
      <UniqueIdentifier>{c7e18503-6b8f-42c4-ba84-2ad3378c21d7}</UniqueIdentifier>
    </Filter>
    <Filter Include="Source\Engine\GPUResource\Buffer\ConstantBuffer">
      <UniqueIdentifier>{19772e19-4912-4c75-8627-27012848e65e}</UniqueIdentifier>
    </Filter>
    <Filter Include="Source\Engine\GPUResource\Buffer\IndexBuffer">
      <UniqueIdentifier>{736a27a4-f5ad-4c59-a3db-66eab40e0892}</UniqueIdentifier>
    </Filter>
    <Filter Include="Source\Engine\GPUResource\Buffer\VertexBuffer">
      <UniqueIdentifier>{6b082775-0866-42e0-8abc-4f1f2eeeba73}</UniqueIdentifier>
    </Filter>
    <Filter Include="Source\Engine\GPUResource\PipelineState">
      <UniqueIdentifier>{78fbdd9b-895b-41b1-8910-5741e9ccd38b}</UniqueIdentifier>
    </Filter>
    <Filter Include="Source\Engine\GPUResource\RootSignature">
      <UniqueIdentifier>{bb239da7-4f49-4373-b33c-e0ee3f9190cc}</UniqueIdentifier>
    </Filter>
    <Filter Include="Source\Engine\GPUResource\Model\ModelLoader">
      <UniqueIdentifier>{5b0df8bb-583d-4409-842c-1dec54c2fa93}</UniqueIdentifier>
    </Filter>
    <Filter Include="Source\Engine\GPUResource\Model\ModelResource">
      <UniqueIdentifier>{eb818934-6d81-47c3-af6a-529dc00e70a9}</UniqueIdentifier>
    </Filter>
    <Filter Include="Source\Engine\GPUResource\Model\ModelLoader\Assimp">
      <UniqueIdentifier>{0fe059d8-0b82-426d-98d8-0a2402c5f1a3}</UniqueIdentifier>
    </Filter>
    <Filter Include="Source\Engine\GPUResource\Model\ModelLoader\TinyGLTF">
      <UniqueIdentifier>{99ca2ecf-b54f-42b9-ad03-44f3c6880562}</UniqueIdentifier>
    </Filter>
    <Filter Include="Source\Engine\GPUResource\Model\ModelResource\Node">
      <UniqueIdentifier>{5d19b037-1c80-472b-9b6e-262f0a4d3551}</UniqueIdentifier>
    </Filter>
    <Filter Include="Source\Engine\GPUResource\Model\ModelResource\Mesh">
      <UniqueIdentifier>{48bf4ba9-6449-46fc-b668-4d69cb6c4dee}</UniqueIdentifier>
    </Filter>
    <Filter Include="Source\Engine\GPUResource\Model\ModelResource\Material">
      <UniqueIdentifier>{8e174b08-17aa-4520-b9de-413d8d0e04da}</UniqueIdentifier>
    </Filter>
    <Filter Include="Source\Engine\GPUResource\Model\ModelResource\Animation">
      <UniqueIdentifier>{53aa668a-10df-4d5c-b079-4d6375e0050d}</UniqueIdentifier>
    </Filter>
    <Filter Include="Source\Engine\GPUResource\Device">
      <UniqueIdentifier>{d13fa245-4b93-43a9-9771-b333ba270ee2}</UniqueIdentifier>
    </Filter>
    <Filter Include="Source\Engine\GPUResource\CommandQueue">
      <UniqueIdentifier>{272fe8a9-2d45-4032-95e2-b0960c00b91e}</UniqueIdentifier>
    </Filter>
    <Filter Include="Source\Engine\GPUResource\CommandList">
      <UniqueIdentifier>{764b6e9f-ccc6-4c40-a95d-1f33307c22dc}</UniqueIdentifier>
    </Filter>
    <Filter Include="Source\Engine\GPUResource\CommandAllocator">
      <UniqueIdentifier>{3200aca0-8fb6-47fb-b76a-aca5d02061b7}</UniqueIdentifier>
    </Filter>
    <Filter Include="Source\Engine\Window">
      <UniqueIdentifier>{4903a1c3-ef1a-452c-aa19-3c12f2daf394}</UniqueIdentifier>
    </Filter>
    <Filter Include="Source\Engine\GPUResource\Fence">
      <UniqueIdentifier>{d960394c-0030-40db-b9f7-73b0a231c2a7}</UniqueIdentifier>
    </Filter>
    <Filter Include="Source\Engine\Graphics\DescriptorHeapManager">
      <UniqueIdentifier>{a2d4242a-21eb-484a-a22f-a70d8b11be37}</UniqueIdentifier>
    </Filter>
    <Filter Include="Source\Engine\Graphics\RenderContext">
      <UniqueIdentifier>{ac53ba98-b34c-40d7-aee4-ecaa9ee05c09}</UniqueIdentifier>
    </Filter>
  </ItemGroup>
  <ItemGroup>
    <ClCompile Include="Source\Pch.cpp">
      <Filter>Source</Filter>
    </ClCompile>
    <ClCompile Include="Source\Application\Scene\BaseScene.cpp">
      <Filter>Source\Application\Scene</Filter>
    </ClCompile>
    <ClCompile Include="Source\Framework\Shader\ShaderCommon\SharedStruct.cpp">
      <Filter>Source\Framework\Shader\ShaderCommon</Filter>
    </ClCompile>
    <ClCompile Include="Source\Application\App.cpp">
      <Filter>Source\Application</Filter>
    </ClCompile>
    <ClCompile Include="Source\Engine\Graphics\RenderingEngin\RenderingEngine.cpp">
      <Filter>Source\Engine\Graphics\RenderingEngin</Filter>
    </ClCompile>
    <ClCompile Include="Source\Engine\GPUResource\DescriptorHeap\DescriptorHeap.cpp">
      <Filter>Source\Engine\GPUResource\DescriptorHeap</Filter>
    </ClCompile>
    <ClCompile Include="Source\Engine\GPUResource\Buffer\ConstantBuffer\ConstantBuffer.cpp">
      <Filter>Source\Engine\GPUResource\Buffer\ConstantBuffer</Filter>
    </ClCompile>
    <ClCompile Include="Source\Engine\GPUResource\Buffer\IndexBuffer\IndexBuffer.cpp">
      <Filter>Source\Engine\GPUResource\Buffer\IndexBuffer</Filter>
    </ClCompile>
    <ClCompile Include="Source\Engine\GPUResource\Buffer\VertexBuffer\VertexBuffer.cpp">
      <Filter>Source\Engine\GPUResource\Buffer\VertexBuffer</Filter>
    </ClCompile>
    <ClCompile Include="Source\Engine\GameScene\SceneManager\SceneManager.cpp">
      <Filter>Source\Engine\GameScene\SceneManager</Filter>
    </ClCompile>
    <ClCompile Include="Source\Engine\GPUResource\PipeLineState\PipelineState.cpp">
      <Filter>Source\Engine\GPUResource\PipelineState</Filter>
    </ClCompile>
    <ClCompile Include="Source\Engine\GPUResource\RootSignature\RootSignature.cpp">
      <Filter>Source\Engine\GPUResource\RootSignature</Filter>
    </ClCompile>
    <ClCompile Include="Source\Engine\GPUResource\Texture\Texture2D\Texture2D.cpp">
      <Filter>Source\Engine\GPUResource\Texture\Texture2D</Filter>
    </ClCompile>
    <ClCompile Include="Source\Engine\GPUResource\Model\ModelLoader\Assimp\AssimpLoader.cpp">
      <Filter>Source\Engine\GPUResource\Model\ModelLoader\Assimp</Filter>
    </ClCompile>
    <ClCompile Include="Source\Engine\GPUResource\Model\ModelResource\Mesh\Mesh.cpp">
      <Filter>Source\Engine\GPUResource\Model\ModelResource\Mesh</Filter>
    </ClCompile>
    <ClCompile Include="Source\main.cpp">
      <Filter>Source</Filter>
    </ClCompile>
    <ClCompile Include="Source\Engine\GPUResource\Device\Device.cpp">
      <Filter>Source\Engine\GPUResource\Device</Filter>
    </ClCompile>
    <ClCompile Include="Source\Engine\GPUResource\CommandQueue\CommandQueue.cpp">
      <Filter>Source\Engine\GPUResource\CommandQueue</Filter>
    </ClCompile>
    <ClCompile Include="Source\Engine\GPUResource\CommandList\CommandList.cpp">
      <Filter>Source\Engine\GPUResource\CommandList</Filter>
    </ClCompile>
    <ClCompile Include="Source\Engine\GPUResource\CommandAllocator\CommandAllocator.cpp">
      <Filter>Source\Engine\GPUResource\CommandAllocator</Filter>
    </ClCompile>
    <ClCompile Include="Source\Engine\Window\Window.cpp">
      <Filter>Source\Engine\Window</Filter>
    </ClCompile>
    <ClCompile Include="Source\Engine\GPUResource\Fence\Fence.cpp">
      <Filter>Source\Engine\GPUResource\Fence</Filter>
    </ClCompile>
    <ClCompile Include="Source\Engine\GPUResource\Model\ModelResource\Node\Node.cpp">
      <Filter>Source\Engine\GPUResource\Model\ModelResource\Node</Filter>
    </ClCompile>
    <ClCompile Include="Source\Engine\GPUResource\Model\ModelResource\Material\Material.cpp">
      <Filter>Source\Engine\GPUResource\Model\ModelResource\Material</Filter>
    </ClCompile>
    <ClCompile Include="Source\Engine\GPUResource\Model\ModelResource\Animation\Animation.cpp">
      <Filter>Source\Engine\GPUResource\Model\ModelResource\Animation</Filter>
    </ClCompile>
    <ClCompile Include="Source\Engine\GPUResource\Model\ModelLoader\TinyGLTF\TinyGLTFLoader.cpp">
      <Filter>Source\Engine\GPUResource\Model\ModelLoader\TinyGLTF</Filter>
    </ClCompile>
    <ClCompile Include="Source\Engine\GPUResource\Model\Model.cpp">
      <Filter>Source\Engine\GPUResource\Model</Filter>
    </ClCompile>
    <ClCompile Include="Source\Engine\GPUResource\Texture\Texture.cpp">
      <Filter>Source\Engine\GPUResource\Texture</Filter>
    </ClCompile>
    <ClCompile Include="Source\Engine\Graphics\DescriptorHeapManager\DescriptorHeapManager.cpp">
      <Filter>Source\Engine\Graphics\DescriptorHeapManager</Filter>
    </ClCompile>
    <ClCompile Include="Source\Engine\Graphics\RenderContext\RenderContext.cpp">
      <Filter>Source\Engine\Graphics\RenderContext</Filter>
    </ClCompile>
  </ItemGroup>
  <ItemGroup>
    <ClInclude Include="Source\Pch.h">
      <Filter>Source</Filter>
    </ClInclude>
    <ClInclude Include="Source\Application\Scene\BaseScene.h">
      <Filter>Source\Application\Scene</Filter>
    </ClInclude>
    <ClInclude Include="Source\Framework\Shader\ShaderCommon\SharedStruct.h">
      <Filter>Source\Framework\Shader\ShaderCommon</Filter>
    </ClInclude>
    <ClInclude Include="Source\Core\Utility\FileUtility.h">
      <Filter>Source\Core\Utility</Filter>
    </ClInclude>
    <ClInclude Include="Source\Core\Utility\StringUtillity.h">
      <Filter>Source\Core\Utility</Filter>
    </ClInclude>
    <ClInclude Include="Source\Core\Core.h">
      <Filter>Source\Core</Filter>
    </ClInclude>
    <ClInclude Include="Source\Application\App.h">
      <Filter>Source\Application</Filter>
    </ClInclude>
    <ClInclude Include="Source\Engine\Graphics\RenderingEngin\RenderingEngine.h">
      <Filter>Source\Engine\Graphics\RenderingEngin</Filter>
    </ClInclude>
    <ClInclude Include="Source\Engine\GPUResource\DescriptorHeap\DescriptorHeap.h">
      <Filter>Source\Engine\GPUResource\DescriptorHeap</Filter>
    </ClInclude>
    <ClInclude Include="Source\Engine\GPUResource\Buffer\ConstantBuffer\ConstantBuffer.h">
      <Filter>Source\Engine\GPUResource\Buffer\ConstantBuffer</Filter>
    </ClInclude>
    <ClInclude Include="Source\Engine\GPUResource\Buffer\IndexBuffer\IndexBuffer.h">
      <Filter>Source\Engine\GPUResource\Buffer\IndexBuffer</Filter>
    </ClInclude>
    <ClInclude Include="Source\Engine\GPUResource\Buffer\VertexBuffer\VertexBuffer.h">
      <Filter>Source\Engine\GPUResource\Buffer\VertexBuffer</Filter>
    </ClInclude>
    <ClInclude Include="Source\Engine\GameScene\SceneManager\SceneManager.h">
      <Filter>Source\Engine\GameScene\SceneManager</Filter>
    </ClInclude>
    <ClInclude Include="Source\Engine\GPUResource\PipeLineState\PipelineState.h">
      <Filter>Source\Engine\GPUResource\PipelineState</Filter>
    </ClInclude>
    <ClInclude Include="Source\Engine\GPUResource\RootSignature\RootSignature.h">
      <Filter>Source\Engine\GPUResource\RootSignature</Filter>
    </ClInclude>
    <ClInclude Include="Source\Engine\GPUResource\Texture\Texture2D\Texture2D.h">
      <Filter>Source\Engine\GPUResource\Texture\Texture2D</Filter>
    </ClInclude>
    <ClInclude Include="Source\Engine\GPUResource\Model\ModelLoader\Assimp\AssimpLoader.h">
      <Filter>Source\Engine\GPUResource\Model\ModelLoader\Assimp</Filter>
    </ClInclude>
    <ClInclude Include="Source\Engine\GPUResource\Model\ModelResource\Mesh\Mesh.h">
      <Filter>Source\Engine\GPUResource\Model\ModelResource\Mesh</Filter>
    </ClInclude>
    <ClInclude Include="Source\Engine\GPUResource\Device\Device.h">
      <Filter>Source\Engine\GPUResource\Device</Filter>
    </ClInclude>
    <ClInclude Include="Source\Engine\GPUResource\CommandQueue\CommandQueue.h">
      <Filter>Source\Engine\GPUResource\CommandQueue</Filter>
    </ClInclude>
    <ClInclude Include="Source\Engine\GPUResource\CommandList\CommandList.h">
      <Filter>Source\Engine\GPUResource\CommandList</Filter>
    </ClInclude>
    <ClInclude Include="Source\Engine\GPUResource\CommandAllocator\CommandAllocator.h">
      <Filter>Source\Engine\GPUResource\CommandAllocator</Filter>
    </ClInclude>
    <ClInclude Include="Source\Engine\Window\Window.h">
      <Filter>Source\Engine\Window</Filter>
    </ClInclude>
    <ClInclude Include="Source\Engine\GPUResource\Fence\Fence.h">
      <Filter>Source\Engine\GPUResource\Fence</Filter>
    </ClInclude>
    <ClInclude Include="Source\Engine\GPUResource\Model\ModelResource\Node\Node.h">
      <Filter>Source\Engine\GPUResource\Model\ModelResource\Node</Filter>
    </ClInclude>
    <ClInclude Include="Source\Engine\GPUResource\Model\ModelResource\Material\Material.h">
      <Filter>Source\Engine\GPUResource\Model\ModelResource\Material</Filter>
    </ClInclude>
    <ClInclude Include="Source\Engine\GPUResource\Model\ModelResource\Animation\Animation.h">
      <Filter>Source\Engine\GPUResource\Model\ModelResource\Animation</Filter>
    </ClInclude>
    <ClInclude Include="Source\Engine\GPUResource\Model\ModelLoader\TinyGLTF\TinyGLTFLoader.h">
      <Filter>Source\Engine\GPUResource\Model\ModelLoader\TinyGLTF</Filter>
    </ClInclude>
    <ClInclude Include="Source\Engine\GPUResource\Model\Model.h">
      <Filter>Source\Engine\GPUResource\Model</Filter>
    </ClInclude>
    <ClInclude Include="Source\Engine\GPUResource\Texture\Texture.h">
      <Filter>Source\Engine\GPUResource\Texture</Filter>
    </ClInclude>
    <ClInclude Include="Source\Engine\Graphics\DescriptorHeapManager\DescriptorHeapManager.h">
      <Filter>Source\Engine\Graphics\DescriptorHeapManager</Filter>
    </ClInclude>
    <ClInclude Include="Source\Engine\Graphics\RenderContext\RenderContext.h">
      <Filter>Source\Engine\Graphics\RenderContext</Filter>
    </ClInclude>
  </ItemGroup>
  <ItemGroup>
    <FxCompile Include="Asset\Shader\SimpleShader\SimplePS.hlsl">
      <Filter>Asset\Shader\SimpleShader</Filter>
    </FxCompile>
    <FxCompile Include="Asset\Shader\SimpleShader\SimpleVS.hlsl">
      <Filter>Asset\Shader\SimpleShader</Filter>
    </FxCompile>
  </ItemGroup>
</Project>